// !$*UTF8*$!
{
	archiveVersion = 1;
	classes = {
	};
	objectVersion = 55;
	objects = {

/* Begin PBXBuildFile section */
		C1E65B0728B7A01500BFDD46 /* GoForwardApp.swift in Sources */ = {isa = PBXBuildFile; fileRef = C1E65B0628B7A01500BFDD46 /* GoForwardApp.swift */; };
		C1E65B0928B7A01500BFDD46 /* ContentView.swift in Sources */ = {isa = PBXBuildFile; fileRef = C1E65B0828B7A01500BFDD46 /* ContentView.swift */; };
		C1E65B0B28B7A01600BFDD46 /* Assets.xcassets in Resources */ = {isa = PBXBuildFile; fileRef = C1E65B0A28B7A01600BFDD46 /* Assets.xcassets */; };
		C1E65B0E28B7A01600BFDD46 /* Preview Assets.xcassets in Resources */ = {isa = PBXBuildFile; fileRef = C1E65B0D28B7A01600BFDD46 /* Preview Assets.xcassets */; };
		C1E65B2928B7A15000BFDD46 /* Modern8.mp3 in Resources */ = {isa = PBXBuildFile; fileRef = C1E65B1B28B7A14F00BFDD46 /* Modern8.mp3 */; };
		C1E65B2A28B7A15000BFDD46 /* cardPlace1.wav in Resources */ = {isa = PBXBuildFile; fileRef = C1E65B1C28B7A14F00BFDD46 /* cardPlace1.wav */; };
		C1E65B2B28B7A15000BFDD46 /* go.wav in Resources */ = {isa = PBXBuildFile; fileRef = C1E65B1D28B7A14F00BFDD46 /* go.wav */; };
		C1E65B2C28B7A15000BFDD46 /* hurry_up.wav in Resources */ = {isa = PBXBuildFile; fileRef = C1E65B1E28B7A14F00BFDD46 /* hurry_up.wav */; };
		C1E65B2D28B7A15000BFDD46 /* cardShove1.wav in Resources */ = {isa = PBXBuildFile; fileRef = C1E65B1F28B7A14F00BFDD46 /* cardShove1.wav */; };
		C1E65B2E28B7A15000BFDD46 /* you_win.wav in Resources */ = {isa = PBXBuildFile; fileRef = C1E65B2028B7A14F00BFDD46 /* you_win.wav */; };
		C1E65B2F28B7A15000BFDD46 /* SomberRomance.wav in Resources */ = {isa = PBXBuildFile; fileRef = C1E65B2128B7A15000BFDD46 /* SomberRomance.wav */; };
		C1E65B3028B7A15000BFDD46 /* waiting.mp3 in Resources */ = {isa = PBXBuildFile; fileRef = C1E65B2228B7A15000BFDD46 /* waiting.mp3 */; };
		C1E65B3128B7A15000BFDD46 /* cardShuffle.wav in Resources */ = {isa = PBXBuildFile; fileRef = C1E65B2328B7A15000BFDD46 /* cardShuffle.wav */; };
		C1E65B3228B7A15000BFDD46 /* waiting1.mp3 in Resources */ = {isa = PBXBuildFile; fileRef = C1E65B2428B7A15000BFDD46 /* waiting1.mp3 */; };
		C1E65B3328B7A15000BFDD46 /* you_lose.wav in Resources */ = {isa = PBXBuildFile; fileRef = C1E65B2528B7A15000BFDD46 /* you_lose.wav */; };
		C1E65B3428B7A15000BFDD46 /* Minimalist4.mp3 in Resources */ = {isa = PBXBuildFile; fileRef = C1E65B2628B7A15000BFDD46 /* Minimalist4.mp3 */; };
		C1E65B3528B7A15000BFDD46 /* theme.mp3 in Resources */ = {isa = PBXBuildFile; fileRef = C1E65B2728B7A15000BFDD46 /* theme.mp3 */; };
		C1E65B3628B7A15000BFDD46 /* cardSlide1.wav in Resources */ = {isa = PBXBuildFile; fileRef = C1E65B2828B7A15000BFDD46 /* cardSlide1.wav */; };
		C1E65B3E28B7A2BB00BFDD46 /* Card.swift in Sources */ = {isa = PBXBuildFile; fileRef = C1E65B3D28B7A2BB00BFDD46 /* Card.swift */; };
		C1E65B4028B7A2FE00BFDD46 /* DeckModel.swift in Sources */ = {isa = PBXBuildFile; fileRef = C1E65B3F28B7A2FE00BFDD46 /* DeckModel.swift */; };
		C1E65B4228B7A35B00BFDD46 /* Stack.swift in Sources */ = {isa = PBXBuildFile; fileRef = C1E65B4128B7A35B00BFDD46 /* Stack.swift */; };
		C1E65B4428B7A3A800BFDD46 /* DiscardHand.swift in Sources */ = {isa = PBXBuildFile; fileRef = C1E65B4328B7A3A800BFDD46 /* DiscardHand.swift */; };
		C1E65B4628B7A3E200BFDD46 /* Player.swift in Sources */ = {isa = PBXBuildFile; fileRef = C1E65B4528B7A3E200BFDD46 /* Player.swift */; };
		C1E65B4B28B7A59300BFDD46 /* Model.xcdatamodeld in Sources */ = {isa = PBXBuildFile; fileRef = C1E65B4928B7A59300BFDD46 /* Model.xcdatamodeld */; };
		C1E65B5528B7A67B00BFDD46 /* MenuView.swift in Sources */ = {isa = PBXBuildFile; fileRef = C1E65B5428B7A67B00BFDD46 /* MenuView.swift */; };
		C1E65B5728B7A68200BFDD46 /* GameView.swift in Sources */ = {isa = PBXBuildFile; fileRef = C1E65B5628B7A68200BFDD46 /* GameView.swift */; };
		C1E65B5928B7A69900BFDD46 /* LeaderboardView.swift in Sources */ = {isa = PBXBuildFile; fileRef = C1E65B5828B7A69900BFDD46 /* LeaderboardView.swift */; };
		C1E65B5B28B7A6A500BFDD46 /* HowToPlayView.swift in Sources */ = {isa = PBXBuildFile; fileRef = C1E65B5A28B7A6A500BFDD46 /* HowToPlayView.swift */; };
		C1E65B5D28B7A70C00BFDD46 /* PageViewModel.swift in Sources */ = {isa = PBXBuildFile; fileRef = C1E65B5C28B7A70C00BFDD46 /* PageViewModel.swift */; };
		C1E65B5F28B7A80800BFDD46 /* GlobalStyle.swift in Sources */ = {isa = PBXBuildFile; fileRef = C1E65B5E28B7A80800BFDD46 /* GlobalStyle.swift */; };
		C1E65B6328B7A9D400BFDD46 /* Util.swift in Sources */ = {isa = PBXBuildFile; fileRef = C1E65B6228B7A9D400BFDD46 /* Util.swift */; };
		C1E65B6528B7AEAD00BFDD46 /* Sound.swift in Sources */ = {isa = PBXBuildFile; fileRef = C1E65B6428B7AEAD00BFDD46 /* Sound.swift */; };
		C1E65B6728B7B27400BFDD46 /* DataController.swift in Sources */ = {isa = PBXBuildFile; fileRef = C1E65B6628B7B27400BFDD46 /* DataController.swift */; };
		C1E65B6928B7B3A100BFDD46 /* LeaderboardViewModel.swift in Sources */ = {isa = PBXBuildFile; fileRef = C1E65B6828B7B3A100BFDD46 /* LeaderboardViewModel.swift */; };
		C1E65B6E28B7B56400BFDD46 /* Header.swift in Sources */ = {isa = PBXBuildFile; fileRef = C1E65B6D28B7B56400BFDD46 /* Header.swift */; };
		C1E65B7028B7B62300BFDD46 /* GoBack.swift in Sources */ = {isa = PBXBuildFile; fileRef = C1E65B6F28B7B62300BFDD46 /* GoBack.swift */; };
		C1E65B7228B7B6FA00BFDD46 /* LeaderboardRow.swift in Sources */ = {isa = PBXBuildFile; fileRef = C1E65B7128B7B6FA00BFDD46 /* LeaderboardRow.swift */; };
		C1E65B7428B7B7EF00BFDD46 /* Avatar.swift in Sources */ = {isa = PBXBuildFile; fileRef = C1E65B7328B7B7EF00BFDD46 /* Avatar.swift */; };
		C1E65B7628B7B90300BFDD46 /* HowToPlayViewModel.swift in Sources */ = {isa = PBXBuildFile; fileRef = C1E65B7528B7B90300BFDD46 /* HowToPlayViewModel.swift */; };
		C1E65B7B28B7CFE300BFDD46 /* GameHeader.swift in Sources */ = {isa = PBXBuildFile; fileRef = C1E65B7A28B7CFE300BFDD46 /* GameHeader.swift */; };
		C1E65B7D28B7D31C00BFDD46 /* OpponentSection.swift in Sources */ = {isa = PBXBuildFile; fileRef = C1E65B7C28B7D31C00BFDD46 /* OpponentSection.swift */; };
		C1E65B7F28B7D34900BFDD46 /* TableSection.swift in Sources */ = {isa = PBXBuildFile; fileRef = C1E65B7E28B7D34800BFDD46 /* TableSection.swift */; };
		C1E65B8128B7D38A00BFDD46 /* HumanSection.swift in Sources */ = {isa = PBXBuildFile; fileRef = C1E65B8028B7D38A00BFDD46 /* HumanSection.swift */; };
		C1E65B8328B7D3B500BFDD46 /* ModalSection.swift in Sources */ = {isa = PBXBuildFile; fileRef = C1E65B8228B7D3B500BFDD46 /* ModalSection.swift */; };
		C1E65B8528B7D44800BFDD46 /* RegisterModal.swift in Sources */ = {isa = PBXBuildFile; fileRef = C1E65B8428B7D44800BFDD46 /* RegisterModal.swift */; };
		C1E65B8728B7D45600BFDD46 /* GameOverModal.swift in Sources */ = {isa = PBXBuildFile; fileRef = C1E65B8628B7D45600BFDD46 /* GameOverModal.swift */; };
		C1E65B8928B7D45F00BFDD46 /* PauseModal.swift in Sources */ = {isa = PBXBuildFile; fileRef = C1E65B8828B7D45F00BFDD46 /* PauseModal.swift */; };
		C1E65B8D28B7DC3B00BFDD46 /* HandView.swift in Sources */ = {isa = PBXBuildFile; fileRef = C1E65B8C28B7DC3B00BFDD46 /* HandView.swift */; };
		C1E65B8F28B7DD6E00BFDD46 /* CardView.swift in Sources */ = {isa = PBXBuildFile; fileRef = C1E65B8E28B7DD6E00BFDD46 /* CardView.swift */; };
		C1E65B9128B7DFF900BFDD46 /* BottomBar.swift in Sources */ = {isa = PBXBuildFile; fileRef = C1E65B9028B7DFF900BFDD46 /* BottomBar.swift */; };
		C1E65B9328B85DCA00BFDD46 /* CustomProgressViewStyle.swift in Sources */ = {isa = PBXBuildFile; fileRef = C1E65B9228B85DCA00BFDD46 /* CustomProgressViewStyle.swift */; };
		C1E65B9728B89CAF00BFDD46 /* DeckViewModel.swift in Sources */ = {isa = PBXBuildFile; fileRef = C1E65B9628B89CAF00BFDD46 /* DeckViewModel.swift */; };
		C1E65B9928B8AAEA00BFDD46 /* GameViewModel.swift in Sources */ = {isa = PBXBuildFile; fileRef = C1E65B9828B8AAEA00BFDD46 /* GameViewModel.swift */; };
		C1E65B9D28B8B18D00BFDD46 /* GameModel.swift in Sources */ = {isa = PBXBuildFile; fileRef = C1E65B9C28B8B18D00BFDD46 /* GameModel.swift */; };
/* End PBXBuildFile section */

/* Begin PBXFileReference section */
		C1E65B0328B7A01500BFDD46 /* GoForward.app */ = {isa = PBXFileReference; explicitFileType = wrapper.application; includeInIndex = 0; path = GoForward.app; sourceTree = BUILT_PRODUCTS_DIR; };
		C1E65B0628B7A01500BFDD46 /* GoForwardApp.swift */ = {isa = PBXFileReference; lastKnownFileType = sourcecode.swift; path = GoForwardApp.swift; sourceTree = "<group>"; };
		C1E65B0828B7A01500BFDD46 /* ContentView.swift */ = {isa = PBXFileReference; lastKnownFileType = sourcecode.swift; path = ContentView.swift; sourceTree = "<group>"; };
		C1E65B0A28B7A01600BFDD46 /* Assets.xcassets */ = {isa = PBXFileReference; lastKnownFileType = folder.assetcatalog; path = Assets.xcassets; sourceTree = "<group>"; };
		C1E65B0D28B7A01600BFDD46 /* Preview Assets.xcassets */ = {isa = PBXFileReference; lastKnownFileType = folder.assetcatalog; path = "Preview Assets.xcassets"; sourceTree = "<group>"; };
		C1E65B1B28B7A14F00BFDD46 /* Modern8.mp3 */ = {isa = PBXFileReference; lastKnownFileType = audio.mp3; path = Modern8.mp3; sourceTree = "<group>"; };
		C1E65B1C28B7A14F00BFDD46 /* cardPlace1.wav */ = {isa = PBXFileReference; lastKnownFileType = audio.wav; path = cardPlace1.wav; sourceTree = "<group>"; };
		C1E65B1D28B7A14F00BFDD46 /* go.wav */ = {isa = PBXFileReference; lastKnownFileType = audio.wav; path = go.wav; sourceTree = "<group>"; };
		C1E65B1E28B7A14F00BFDD46 /* hurry_up.wav */ = {isa = PBXFileReference; lastKnownFileType = audio.wav; path = hurry_up.wav; sourceTree = "<group>"; };
		C1E65B1F28B7A14F00BFDD46 /* cardShove1.wav */ = {isa = PBXFileReference; lastKnownFileType = audio.wav; path = cardShove1.wav; sourceTree = "<group>"; };
		C1E65B2028B7A14F00BFDD46 /* you_win.wav */ = {isa = PBXFileReference; lastKnownFileType = audio.wav; path = you_win.wav; sourceTree = "<group>"; };
		C1E65B2128B7A15000BFDD46 /* SomberRomance.wav */ = {isa = PBXFileReference; lastKnownFileType = audio.wav; path = SomberRomance.wav; sourceTree = "<group>"; };
		C1E65B2228B7A15000BFDD46 /* waiting.mp3 */ = {isa = PBXFileReference; lastKnownFileType = audio.mp3; path = waiting.mp3; sourceTree = "<group>"; };
		C1E65B2328B7A15000BFDD46 /* cardShuffle.wav */ = {isa = PBXFileReference; lastKnownFileType = audio.wav; path = cardShuffle.wav; sourceTree = "<group>"; };
		C1E65B2428B7A15000BFDD46 /* waiting1.mp3 */ = {isa = PBXFileReference; lastKnownFileType = audio.mp3; path = waiting1.mp3; sourceTree = "<group>"; };
		C1E65B2528B7A15000BFDD46 /* you_lose.wav */ = {isa = PBXFileReference; lastKnownFileType = audio.wav; path = you_lose.wav; sourceTree = "<group>"; };
		C1E65B2628B7A15000BFDD46 /* Minimalist4.mp3 */ = {isa = PBXFileReference; lastKnownFileType = audio.mp3; path = Minimalist4.mp3; sourceTree = "<group>"; };
		C1E65B2728B7A15000BFDD46 /* theme.mp3 */ = {isa = PBXFileReference; lastKnownFileType = audio.mp3; path = theme.mp3; sourceTree = "<group>"; };
		C1E65B2828B7A15000BFDD46 /* cardSlide1.wav */ = {isa = PBXFileReference; lastKnownFileType = audio.wav; path = cardSlide1.wav; sourceTree = "<group>"; };
		C1E65B3D28B7A2BB00BFDD46 /* Card.swift */ = {isa = PBXFileReference; lastKnownFileType = sourcecode.swift; path = Card.swift; sourceTree = "<group>"; };
		C1E65B3F28B7A2FE00BFDD46 /* DeckModel.swift */ = {isa = PBXFileReference; lastKnownFileType = sourcecode.swift; path = DeckModel.swift; sourceTree = "<group>"; };
		C1E65B4128B7A35B00BFDD46 /* Stack.swift */ = {isa = PBXFileReference; lastKnownFileType = sourcecode.swift; path = Stack.swift; sourceTree = "<group>"; };
		C1E65B4328B7A3A800BFDD46 /* DiscardHand.swift */ = {isa = PBXFileReference; lastKnownFileType = sourcecode.swift; path = DiscardHand.swift; sourceTree = "<group>"; };
		C1E65B4528B7A3E200BFDD46 /* Player.swift */ = {isa = PBXFileReference; lastKnownFileType = sourcecode.swift; path = Player.swift; sourceTree = "<group>"; };
		C1E65B4A28B7A59300BFDD46 /* Model.xcdatamodel */ = {isa = PBXFileReference; lastKnownFileType = wrapper.xcdatamodel; path = Model.xcdatamodel; sourceTree = "<group>"; };
		C1E65B5428B7A67B00BFDD46 /* MenuView.swift */ = {isa = PBXFileReference; lastKnownFileType = sourcecode.swift; path = MenuView.swift; sourceTree = "<group>"; };
		C1E65B5628B7A68200BFDD46 /* GameView.swift */ = {isa = PBXFileReference; lastKnownFileType = sourcecode.swift; path = GameView.swift; sourceTree = "<group>"; };
		C1E65B5828B7A69900BFDD46 /* LeaderboardView.swift */ = {isa = PBXFileReference; lastKnownFileType = sourcecode.swift; path = LeaderboardView.swift; sourceTree = "<group>"; };
		C1E65B5A28B7A6A500BFDD46 /* HowToPlayView.swift */ = {isa = PBXFileReference; lastKnownFileType = sourcecode.swift; path = HowToPlayView.swift; sourceTree = "<group>"; };
		C1E65B5C28B7A70C00BFDD46 /* PageViewModel.swift */ = {isa = PBXFileReference; lastKnownFileType = sourcecode.swift; path = PageViewModel.swift; sourceTree = "<group>"; };
		C1E65B5E28B7A80800BFDD46 /* GlobalStyle.swift */ = {isa = PBXFileReference; lastKnownFileType = sourcecode.swift; path = GlobalStyle.swift; sourceTree = "<group>"; };
		C1E65B6228B7A9D400BFDD46 /* Util.swift */ = {isa = PBXFileReference; lastKnownFileType = sourcecode.swift; path = Util.swift; sourceTree = "<group>"; };
		C1E65B6428B7AEAD00BFDD46 /* Sound.swift */ = {isa = PBXFileReference; lastKnownFileType = sourcecode.swift; path = Sound.swift; sourceTree = "<group>"; };
		C1E65B6628B7B27400BFDD46 /* DataController.swift */ = {isa = PBXFileReference; lastKnownFileType = sourcecode.swift; path = DataController.swift; sourceTree = "<group>"; };
		C1E65B6828B7B3A100BFDD46 /* LeaderboardViewModel.swift */ = {isa = PBXFileReference; lastKnownFileType = sourcecode.swift; path = LeaderboardViewModel.swift; sourceTree = "<group>"; };
		C1E65B6D28B7B56400BFDD46 /* Header.swift */ = {isa = PBXFileReference; lastKnownFileType = sourcecode.swift; path = Header.swift; sourceTree = "<group>"; };
		C1E65B6F28B7B62300BFDD46 /* GoBack.swift */ = {isa = PBXFileReference; lastKnownFileType = sourcecode.swift; path = GoBack.swift; sourceTree = "<group>"; };
		C1E65B7128B7B6FA00BFDD46 /* LeaderboardRow.swift */ = {isa = PBXFileReference; lastKnownFileType = sourcecode.swift; path = LeaderboardRow.swift; sourceTree = "<group>"; };
		C1E65B7328B7B7EF00BFDD46 /* Avatar.swift */ = {isa = PBXFileReference; lastKnownFileType = sourcecode.swift; path = Avatar.swift; sourceTree = "<group>"; };
		C1E65B7528B7B90300BFDD46 /* HowToPlayViewModel.swift */ = {isa = PBXFileReference; lastKnownFileType = sourcecode.swift; path = HowToPlayViewModel.swift; sourceTree = "<group>"; };
		C1E65B7A28B7CFE300BFDD46 /* GameHeader.swift */ = {isa = PBXFileReference; lastKnownFileType = sourcecode.swift; path = GameHeader.swift; sourceTree = "<group>"; };
		C1E65B7C28B7D31C00BFDD46 /* OpponentSection.swift */ = {isa = PBXFileReference; lastKnownFileType = sourcecode.swift; path = OpponentSection.swift; sourceTree = "<group>"; };
		C1E65B7E28B7D34800BFDD46 /* TableSection.swift */ = {isa = PBXFileReference; lastKnownFileType = sourcecode.swift; path = TableSection.swift; sourceTree = "<group>"; };
		C1E65B8028B7D38A00BFDD46 /* HumanSection.swift */ = {isa = PBXFileReference; lastKnownFileType = sourcecode.swift; path = HumanSection.swift; sourceTree = "<group>"; };
		C1E65B8228B7D3B500BFDD46 /* ModalSection.swift */ = {isa = PBXFileReference; lastKnownFileType = sourcecode.swift; path = ModalSection.swift; sourceTree = "<group>"; };
		C1E65B8428B7D44800BFDD46 /* RegisterModal.swift */ = {isa = PBXFileReference; lastKnownFileType = sourcecode.swift; path = RegisterModal.swift; sourceTree = "<group>"; };
		C1E65B8628B7D45600BFDD46 /* GameOverModal.swift */ = {isa = PBXFileReference; lastKnownFileType = sourcecode.swift; path = GameOverModal.swift; sourceTree = "<group>"; };
		C1E65B8828B7D45F00BFDD46 /* PauseModal.swift */ = {isa = PBXFileReference; lastKnownFileType = sourcecode.swift; path = PauseModal.swift; sourceTree = "<group>"; };
		C1E65B8C28B7DC3B00BFDD46 /* HandView.swift */ = {isa = PBXFileReference; lastKnownFileType = sourcecode.swift; path = HandView.swift; sourceTree = "<group>"; };
		C1E65B8E28B7DD6E00BFDD46 /* CardView.swift */ = {isa = PBXFileReference; lastKnownFileType = sourcecode.swift; path = CardView.swift; sourceTree = "<group>"; };
		C1E65B9028B7DFF900BFDD46 /* BottomBar.swift */ = {isa = PBXFileReference; lastKnownFileType = sourcecode.swift; path = BottomBar.swift; sourceTree = "<group>"; };
		C1E65B9228B85DCA00BFDD46 /* CustomProgressViewStyle.swift */ = {isa = PBXFileReference; lastKnownFileType = sourcecode.swift; path = CustomProgressViewStyle.swift; sourceTree = "<group>"; };
		C1E65B9628B89CAF00BFDD46 /* DeckViewModel.swift */ = {isa = PBXFileReference; lastKnownFileType = sourcecode.swift; path = DeckViewModel.swift; sourceTree = "<group>"; };
		C1E65B9828B8AAEA00BFDD46 /* GameViewModel.swift */ = {isa = PBXFileReference; lastKnownFileType = sourcecode.swift; path = GameViewModel.swift; sourceTree = "<group>"; };
		C1E65B9C28B8B18D00BFDD46 /* GameModel.swift */ = {isa = PBXFileReference; lastKnownFileType = sourcecode.swift; path = GameModel.swift; sourceTree = "<group>"; };
/* End PBXFileReference section */

/* Begin PBXFrameworksBuildPhase section */
		C1E65B0028B7A01500BFDD46 /* Frameworks */ = {
			isa = PBXFrameworksBuildPhase;
			buildActionMask = 2147483647;
			files = (
			);
			runOnlyForDeploymentPostprocessing = 0;
		};
/* End PBXFrameworksBuildPhase section */

/* Begin PBXGroup section */
		C1E65AFA28B7A01500BFDD46 = {
			isa = PBXGroup;
			children = (
				C1E65B0528B7A01500BFDD46 /* GoForward */,
				C1E65B0428B7A01500BFDD46 /* Products */,
			);
			sourceTree = "<group>";
		};
		C1E65B0428B7A01500BFDD46 /* Products */ = {
			isa = PBXGroup;
			children = (
				C1E65B0328B7A01500BFDD46 /* GoForward.app */,
			);
			name = Products;
			sourceTree = "<group>";
		};
		C1E65B0528B7A01500BFDD46 /* GoForward */ = {
			isa = PBXGroup;
			children = (
				C1E65B1A28B7A14100BFDD46 /* Sound */,
				C1E65B1928B7A12B00BFDD46 /* Style */,
				C1E65B1828B7A12300BFDD46 /* Util */,
				C1E65B1728B7A11900BFDD46 /* ViewModel */,
				C1E65B1628B7A11000BFDD46 /* Model */,
				C1E65B1428B7A10100BFDD46 /* View */,
				C1E65B0628B7A01500BFDD46 /* GoForwardApp.swift */,
				C1E65B0A28B7A01600BFDD46 /* Assets.xcassets */,
				C1E65B0C28B7A01600BFDD46 /* Preview Content */,
			);
			path = GoForward;
			sourceTree = "<group>";
		};
		C1E65B0C28B7A01600BFDD46 /* Preview Content */ = {
			isa = PBXGroup;
			children = (
				C1E65B0D28B7A01600BFDD46 /* Preview Assets.xcassets */,
			);
			path = "Preview Content";
			sourceTree = "<group>";
		};
		C1E65B1428B7A10100BFDD46 /* View */ = {
			isa = PBXGroup;
			children = (
				C1E65B4D28B7A63A00BFDD46 /* Main */,
				C1E65B4C28B7A60900BFDD46 /* Element */,
				C1E65B0828B7A01500BFDD46 /* ContentView.swift */,
			);
			name = View;
			sourceTree = "<group>";
		};
		C1E65B1628B7A11000BFDD46 /* Model */ = {
			isa = PBXGroup;
			children = (
				C1E65B4528B7A3E200BFDD46 /* Player.swift */,
				C1E65B3D28B7A2BB00BFDD46 /* Card.swift */,
				C1E65B4128B7A35B00BFDD46 /* Stack.swift */,
				C1E65B4328B7A3A800BFDD46 /* DiscardHand.swift */,
				C1E65B3F28B7A2FE00BFDD46 /* DeckModel.swift */,
				C1E65B4928B7A59300BFDD46 /* Model.xcdatamodeld */,
				C1E65B6628B7B27400BFDD46 /* DataController.swift */,
				C1E65B9C28B8B18D00BFDD46 /* GameModel.swift */,
			);
			name = Model;
			sourceTree = "<group>";
		};
		C1E65B1728B7A11900BFDD46 /* ViewModel */ = {
			isa = PBXGroup;
			children = (
				C1E65B5C28B7A70C00BFDD46 /* PageViewModel.swift */,
				C1E65B6828B7B3A100BFDD46 /* LeaderboardViewModel.swift */,
				C1E65B7528B7B90300BFDD46 /* HowToPlayViewModel.swift */,
				C1E65B9628B89CAF00BFDD46 /* DeckViewModel.swift */,
				C1E65B9828B8AAEA00BFDD46 /* GameViewModel.swift */,
			);
			path = ViewModel;
			sourceTree = "<group>";
		};
		C1E65B1828B7A12300BFDD46 /* Util */ = {
			isa = PBXGroup;
			children = (
				C1E65B6228B7A9D400BFDD46 /* Util.swift */,
				C1E65B6428B7AEAD00BFDD46 /* Sound.swift */,
			);
			name = Util;
			sourceTree = "<group>";
		};
		C1E65B1928B7A12B00BFDD46 /* Style */ = {
			isa = PBXGroup;
			children = (
				C1E65B5E28B7A80800BFDD46 /* GlobalStyle.swift */,
				C1E65B9228B85DCA00BFDD46 /* CustomProgressViewStyle.swift */,
			);
			path = Style;
			sourceTree = "<group>";
		};
		C1E65B1A28B7A14100BFDD46 /* Sound */ = {
			isa = PBXGroup;
			children = (
				C1E65B1C28B7A14F00BFDD46 /* cardPlace1.wav */,
				C1E65B1F28B7A14F00BFDD46 /* cardShove1.wav */,
				C1E65B2328B7A15000BFDD46 /* cardShuffle.wav */,
				C1E65B2828B7A15000BFDD46 /* cardSlide1.wav */,
				C1E65B1D28B7A14F00BFDD46 /* go.wav */,
				C1E65B1E28B7A14F00BFDD46 /* hurry_up.wav */,
				C1E65B2628B7A15000BFDD46 /* Minimalist4.mp3 */,
				C1E65B1B28B7A14F00BFDD46 /* Modern8.mp3 */,
				C1E65B2128B7A15000BFDD46 /* SomberRomance.wav */,
				C1E65B2728B7A15000BFDD46 /* theme.mp3 */,
				C1E65B2228B7A15000BFDD46 /* waiting.mp3 */,
				C1E65B2428B7A15000BFDD46 /* waiting1.mp3 */,
				C1E65B2528B7A15000BFDD46 /* you_lose.wav */,
				C1E65B2028B7A14F00BFDD46 /* you_win.wav */,
			);
			path = Sound;
			sourceTree = "<group>";
		};
		C1E65B4C28B7A60900BFDD46 /* Element */ = {
			isa = PBXGroup;
			children = (
				C1E65B7728B7CC0200BFDD46 /* Game */,
				C1E65B6A28B7B52900BFDD46 /* Leaderboard */,
				C1E65B6D28B7B56400BFDD46 /* Header.swift */,
				C1E65B6F28B7B62300BFDD46 /* GoBack.swift */,
				C1E65B7328B7B7EF00BFDD46 /* Avatar.swift */,
			);
			name = Element;
			sourceTree = "<group>";
		};
		C1E65B4D28B7A63A00BFDD46 /* Main */ = {
			isa = PBXGroup;
			children = (
				C1E65B5428B7A67B00BFDD46 /* MenuView.swift */,
				C1E65B5628B7A68200BFDD46 /* GameView.swift */,
				C1E65B5828B7A69900BFDD46 /* LeaderboardView.swift */,
				C1E65B5A28B7A6A500BFDD46 /* HowToPlayView.swift */,
			);
			name = Main;
			sourceTree = "<group>";
		};
		C1E65B6A28B7B52900BFDD46 /* Leaderboard */ = {
			isa = PBXGroup;
			children = (
				C1E65B7128B7B6FA00BFDD46 /* LeaderboardRow.swift */,
			);
			name = Leaderboard;
			sourceTree = "<group>";
		};
		C1E65B7728B7CC0200BFDD46 /* Game */ = {
			isa = PBXGroup;
			children = (
				C1E65B8B28B7DC0E00BFDD46 /* Modal */,
				C1E65B8A28B7DBFC00BFDD46 /* Section */,
				C1E65B7A28B7CFE300BFDD46 /* GameHeader.swift */,
				C1E65B8C28B7DC3B00BFDD46 /* HandView.swift */,
				C1E65B8E28B7DD6E00BFDD46 /* CardView.swift */,
				C1E65B9028B7DFF900BFDD46 /* BottomBar.swift */,
			);
			name = Game;
			sourceTree = "<group>";
		};
		C1E65B8A28B7DBFC00BFDD46 /* Section */ = {
			isa = PBXGroup;
			children = (
				C1E65B7C28B7D31C00BFDD46 /* OpponentSection.swift */,
				C1E65B7E28B7D34800BFDD46 /* TableSection.swift */,
				C1E65B8028B7D38A00BFDD46 /* HumanSection.swift */,
				C1E65B8228B7D3B500BFDD46 /* ModalSection.swift */,
			);
			name = Section;
			sourceTree = "<group>";
		};
		C1E65B8B28B7DC0E00BFDD46 /* Modal */ = {
			isa = PBXGroup;
			children = (
				C1E65B8428B7D44800BFDD46 /* RegisterModal.swift */,
				C1E65B8628B7D45600BFDD46 /* GameOverModal.swift */,
				C1E65B8828B7D45F00BFDD46 /* PauseModal.swift */,
			);
			name = Modal;
			sourceTree = "<group>";
		};
/* End PBXGroup section */

/* Begin PBXNativeTarget section */
		C1E65B0228B7A01500BFDD46 /* GoForward */ = {
			isa = PBXNativeTarget;
			buildConfigurationList = C1E65B1128B7A01600BFDD46 /* Build configuration list for PBXNativeTarget "GoForward" */;
			buildPhases = (
				C1E65AFF28B7A01500BFDD46 /* Sources */,
				C1E65B0028B7A01500BFDD46 /* Frameworks */,
				C1E65B0128B7A01500BFDD46 /* Resources */,
			);
			buildRules = (
			);
			dependencies = (
			);
			name = GoForward;
			productName = GoForward;
			productReference = C1E65B0328B7A01500BFDD46 /* GoForward.app */;
			productType = "com.apple.product-type.application";
		};
/* End PBXNativeTarget section */

/* Begin PBXProject section */
		C1E65AFB28B7A01500BFDD46 /* Project object */ = {
			isa = PBXProject;
			attributes = {
				BuildIndependentTargetsInParallel = 1;
				LastSwiftUpdateCheck = 1340;
				LastUpgradeCheck = 1340;
				TargetAttributes = {
					C1E65B0228B7A01500BFDD46 = {
						CreatedOnToolsVersion = 13.4.1;
					};
				};
			};
			buildConfigurationList = C1E65AFE28B7A01500BFDD46 /* Build configuration list for PBXProject "GoForward" */;
			compatibilityVersion = "Xcode 13.0";
			developmentRegion = en;
			hasScannedForEncodings = 0;
			knownRegions = (
				en,
				Base,
			);
			mainGroup = C1E65AFA28B7A01500BFDD46;
			productRefGroup = C1E65B0428B7A01500BFDD46 /* Products */;
			projectDirPath = "";
			projectRoot = "";
			targets = (
				C1E65B0228B7A01500BFDD46 /* GoForward */,
			);
		};
/* End PBXProject section */

/* Begin PBXResourcesBuildPhase section */
		C1E65B0128B7A01500BFDD46 /* Resources */ = {
			isa = PBXResourcesBuildPhase;
			buildActionMask = 2147483647;
			files = (
				C1E65B3128B7A15000BFDD46 /* cardShuffle.wav in Resources */,
				C1E65B2B28B7A15000BFDD46 /* go.wav in Resources */,
				C1E65B3428B7A15000BFDD46 /* Minimalist4.mp3 in Resources */,
				C1E65B3228B7A15000BFDD46 /* waiting1.mp3 in Resources */,
				C1E65B2E28B7A15000BFDD46 /* you_win.wav in Resources */,
				C1E65B2928B7A15000BFDD46 /* Modern8.mp3 in Resources */,
				C1E65B3628B7A15000BFDD46 /* cardSlide1.wav in Resources */,
				C1E65B3328B7A15000BFDD46 /* you_lose.wav in Resources */,
				C1E65B2D28B7A15000BFDD46 /* cardShove1.wav in Resources */,
				C1E65B2C28B7A15000BFDD46 /* hurry_up.wav in Resources */,
				C1E65B0E28B7A01600BFDD46 /* Preview Assets.xcassets in Resources */,
				C1E65B2A28B7A15000BFDD46 /* cardPlace1.wav in Resources */,
				C1E65B2F28B7A15000BFDD46 /* SomberRomance.wav in Resources */,
				C1E65B3028B7A15000BFDD46 /* waiting.mp3 in Resources */,
				C1E65B0B28B7A01600BFDD46 /* Assets.xcassets in Resources */,
				C1E65B3528B7A15000BFDD46 /* theme.mp3 in Resources */,
			);
			runOnlyForDeploymentPostprocessing = 0;
		};
/* End PBXResourcesBuildPhase section */

/* Begin PBXSourcesBuildPhase section */
		C1E65AFF28B7A01500BFDD46 /* Sources */ = {
			isa = PBXSourcesBuildPhase;
			buildActionMask = 2147483647;
			files = (
				C1E65B0928B7A01500BFDD46 /* ContentView.swift in Sources */,
				C1E65B8D28B7DC3B00BFDD46 /* HandView.swift in Sources */,
				C1E65B8528B7D44800BFDD46 /* RegisterModal.swift in Sources */,
				C1E65B6928B7B3A100BFDD46 /* LeaderboardViewModel.swift in Sources */,
				C1E65B7B28B7CFE300BFDD46 /* GameHeader.swift in Sources */,
				C1E65B4228B7A35B00BFDD46 /* Stack.swift in Sources */,
				C1E65B7D28B7D31C00BFDD46 /* OpponentSection.swift in Sources */,
				C1E65B8328B7D3B500BFDD46 /* ModalSection.swift in Sources */,
				C1E65B3E28B7A2BB00BFDD46 /* Card.swift in Sources */,
				C1E65B5F28B7A80800BFDD46 /* GlobalStyle.swift in Sources */,
				C1E65B4028B7A2FE00BFDD46 /* DeckModel.swift in Sources */,
				C1E65B7228B7B6FA00BFDD46 /* LeaderboardRow.swift in Sources */,
				C1E65B9728B89CAF00BFDD46 /* DeckViewModel.swift in Sources */,
				C1E65B7428B7B7EF00BFDD46 /* Avatar.swift in Sources */,
				C1E65B8F28B7DD6E00BFDD46 /* CardView.swift in Sources */,
				C1E65B5928B7A69900BFDD46 /* LeaderboardView.swift in Sources */,
				C1E65B9928B8AAEA00BFDD46 /* GameViewModel.swift in Sources */,
				C1E65B6328B7A9D400BFDD46 /* Util.swift in Sources */,
				C1E65B6528B7AEAD00BFDD46 /* Sound.swift in Sources */,
				C1E65B7F28B7D34900BFDD46 /* TableSection.swift in Sources */,
				C1E65B8728B7D45600BFDD46 /* GameOverModal.swift in Sources */,
				C1E65B9128B7DFF900BFDD46 /* BottomBar.swift in Sources */,
				C1E65B4628B7A3E200BFDD46 /* Player.swift in Sources */,
				C1E65B5728B7A68200BFDD46 /* GameView.swift in Sources */,
				C1E65B5528B7A67B00BFDD46 /* MenuView.swift in Sources */,
				C1E65B7628B7B90300BFDD46 /* HowToPlayViewModel.swift in Sources */,
				C1E65B4B28B7A59300BFDD46 /* Model.xcdatamodeld in Sources */,
				C1E65B6E28B7B56400BFDD46 /* Header.swift in Sources */,
				C1E65B6728B7B27400BFDD46 /* DataController.swift in Sources */,
				C1E65B9D28B8B18D00BFDD46 /* GameModel.swift in Sources */,
				C1E65B5D28B7A70C00BFDD46 /* PageViewModel.swift in Sources */,
				C1E65B9328B85DCA00BFDD46 /* CustomProgressViewStyle.swift in Sources */,
				C1E65B7028B7B62300BFDD46 /* GoBack.swift in Sources */,
				C1E65B0728B7A01500BFDD46 /* GoForwardApp.swift in Sources */,
				C1E65B5B28B7A6A500BFDD46 /* HowToPlayView.swift in Sources */,
				C1E65B8928B7D45F00BFDD46 /* PauseModal.swift in Sources */,
				C1E65B4428B7A3A800BFDD46 /* DiscardHand.swift in Sources */,
				C1E65B8128B7D38A00BFDD46 /* HumanSection.swift in Sources */,
			);
			runOnlyForDeploymentPostprocessing = 0;
		};
/* End PBXSourcesBuildPhase section */

/* Begin XCBuildConfiguration section */
		C1E65B0F28B7A01600BFDD46 /* Debug */ = {
			isa = XCBuildConfiguration;
			buildSettings = {
				ALWAYS_SEARCH_USER_PATHS = NO;
				CLANG_ANALYZER_NONNULL = YES;
				CLANG_ANALYZER_NUMBER_OBJECT_CONVERSION = YES_AGGRESSIVE;
				CLANG_CXX_LANGUAGE_STANDARD = "gnu++17";
				CLANG_ENABLE_MODULES = YES;
				CLANG_ENABLE_OBJC_ARC = YES;
				CLANG_ENABLE_OBJC_WEAK = YES;
				CLANG_WARN_BLOCK_CAPTURE_AUTORELEASING = YES;
				CLANG_WARN_BOOL_CONVERSION = YES;
				CLANG_WARN_COMMA = YES;
				CLANG_WARN_CONSTANT_CONVERSION = YES;
				CLANG_WARN_DEPRECATED_OBJC_IMPLEMENTATIONS = YES;
				CLANG_WARN_DIRECT_OBJC_ISA_USAGE = YES_ERROR;
				CLANG_WARN_DOCUMENTATION_COMMENTS = YES;
				CLANG_WARN_EMPTY_BODY = YES;
				CLANG_WARN_ENUM_CONVERSION = YES;
				CLANG_WARN_INFINITE_RECURSION = YES;
				CLANG_WARN_INT_CONVERSION = YES;
				CLANG_WARN_NON_LITERAL_NULL_CONVERSION = YES;
				CLANG_WARN_OBJC_IMPLICIT_RETAIN_SELF = YES;
				CLANG_WARN_OBJC_LITERAL_CONVERSION = YES;
				CLANG_WARN_OBJC_ROOT_CLASS = YES_ERROR;
				CLANG_WARN_QUOTED_INCLUDE_IN_FRAMEWORK_HEADER = YES;
				CLANG_WARN_RANGE_LOOP_ANALYSIS = YES;
				CLANG_WARN_STRICT_PROTOTYPES = YES;
				CLANG_WARN_SUSPICIOUS_MOVE = YES;
				CLANG_WARN_UNGUARDED_AVAILABILITY = YES_AGGRESSIVE;
				CLANG_WARN_UNREACHABLE_CODE = YES;
				CLANG_WARN__DUPLICATE_METHOD_MATCH = YES;
				COPY_PHASE_STRIP = NO;
				DEBUG_INFORMATION_FORMAT = dwarf;
				ENABLE_STRICT_OBJC_MSGSEND = YES;
				ENABLE_TESTABILITY = YES;
				GCC_C_LANGUAGE_STANDARD = gnu11;
				GCC_DYNAMIC_NO_PIC = NO;
				GCC_NO_COMMON_BLOCKS = YES;
				GCC_OPTIMIZATION_LEVEL = 0;
				GCC_PREPROCESSOR_DEFINITIONS = (
					"DEBUG=1",
					"$(inherited)",
				);
				GCC_WARN_64_TO_32_BIT_CONVERSION = YES;
				GCC_WARN_ABOUT_RETURN_TYPE = YES_ERROR;
				GCC_WARN_UNDECLARED_SELECTOR = YES;
				GCC_WARN_UNINITIALIZED_AUTOS = YES_AGGRESSIVE;
				GCC_WARN_UNUSED_FUNCTION = YES;
				GCC_WARN_UNUSED_VARIABLE = YES;
				IPHONEOS_DEPLOYMENT_TARGET = 15.5;
				MTL_ENABLE_DEBUG_INFO = INCLUDE_SOURCE;
				MTL_FAST_MATH = YES;
				ONLY_ACTIVE_ARCH = YES;
				SDKROOT = iphoneos;
				SWIFT_ACTIVE_COMPILATION_CONDITIONS = DEBUG;
				SWIFT_OPTIMIZATION_LEVEL = "-Onone";
			};
			name = Debug;
		};
		C1E65B1028B7A01600BFDD46 /* Release */ = {
			isa = XCBuildConfiguration;
			buildSettings = {
				ALWAYS_SEARCH_USER_PATHS = NO;
				CLANG_ANALYZER_NONNULL = YES;
				CLANG_ANALYZER_NUMBER_OBJECT_CONVERSION = YES_AGGRESSIVE;
				CLANG_CXX_LANGUAGE_STANDARD = "gnu++17";
				CLANG_ENABLE_MODULES = YES;
				CLANG_ENABLE_OBJC_ARC = YES;
				CLANG_ENABLE_OBJC_WEAK = YES;
				CLANG_WARN_BLOCK_CAPTURE_AUTORELEASING = YES;
				CLANG_WARN_BOOL_CONVERSION = YES;
				CLANG_WARN_COMMA = YES;
				CLANG_WARN_CONSTANT_CONVERSION = YES;
				CLANG_WARN_DEPRECATED_OBJC_IMPLEMENTATIONS = YES;
				CLANG_WARN_DIRECT_OBJC_ISA_USAGE = YES_ERROR;
				CLANG_WARN_DOCUMENTATION_COMMENTS = YES;
				CLANG_WARN_EMPTY_BODY = YES;
				CLANG_WARN_ENUM_CONVERSION = YES;
				CLANG_WARN_INFINITE_RECURSION = YES;
				CLANG_WARN_INT_CONVERSION = YES;
				CLANG_WARN_NON_LITERAL_NULL_CONVERSION = YES;
				CLANG_WARN_OBJC_IMPLICIT_RETAIN_SELF = YES;
				CLANG_WARN_OBJC_LITERAL_CONVERSION = YES;
				CLANG_WARN_OBJC_ROOT_CLASS = YES_ERROR;
				CLANG_WARN_QUOTED_INCLUDE_IN_FRAMEWORK_HEADER = YES;
				CLANG_WARN_RANGE_LOOP_ANALYSIS = YES;
				CLANG_WARN_STRICT_PROTOTYPES = YES;
				CLANG_WARN_SUSPICIOUS_MOVE = YES;
				CLANG_WARN_UNGUARDED_AVAILABILITY = YES_AGGRESSIVE;
				CLANG_WARN_UNREACHABLE_CODE = YES;
				CLANG_WARN__DUPLICATE_METHOD_MATCH = YES;
				COPY_PHASE_STRIP = NO;
				DEBUG_INFORMATION_FORMAT = "dwarf-with-dsym";
				ENABLE_NS_ASSERTIONS = NO;
				ENABLE_STRICT_OBJC_MSGSEND = YES;
				GCC_C_LANGUAGE_STANDARD = gnu11;
				GCC_NO_COMMON_BLOCKS = YES;
				GCC_WARN_64_TO_32_BIT_CONVERSION = YES;
				GCC_WARN_ABOUT_RETURN_TYPE = YES_ERROR;
				GCC_WARN_UNDECLARED_SELECTOR = YES;
				GCC_WARN_UNINITIALIZED_AUTOS = YES_AGGRESSIVE;
				GCC_WARN_UNUSED_FUNCTION = YES;
				GCC_WARN_UNUSED_VARIABLE = YES;
				IPHONEOS_DEPLOYMENT_TARGET = 15.5;
				MTL_ENABLE_DEBUG_INFO = NO;
				MTL_FAST_MATH = YES;
				SDKROOT = iphoneos;
				SWIFT_COMPILATION_MODE = wholemodule;
				SWIFT_OPTIMIZATION_LEVEL = "-O";
				VALIDATE_PRODUCT = YES;
			};
			name = Release;
		};
		C1E65B1228B7A01600BFDD46 /* Debug */ = {
			isa = XCBuildConfiguration;
			buildSettings = {
				ASSETCATALOG_COMPILER_APPICON_NAME = AppIcon;
				ASSETCATALOG_COMPILER_GLOBAL_ACCENT_COLOR_NAME = AccentColor;
				CODE_SIGN_STYLE = Automatic;
				CURRENT_PROJECT_VERSION = 1;
				DEVELOPMENT_ASSET_PATHS = "\"GoForward/Preview Content\"";
				DEVELOPMENT_TEAM = FA6LKG4QY6;
				ENABLE_PREVIEWS = YES;
				GENERATE_INFOPLIST_FILE = YES;
				INFOPLIST_KEY_UIApplicationSceneManifest_Generation = YES;
				INFOPLIST_KEY_UIApplicationSupportsIndirectInputEvents = YES;
				INFOPLIST_KEY_UILaunchScreen_Generation = YES;
				INFOPLIST_KEY_UISupportedInterfaceOrientations_iPad = "UIInterfaceOrientationPortrait UIInterfaceOrientationPortraitUpsideDown UIInterfaceOrientationLandscapeLeft UIInterfaceOrientationLandscapeRight";
				INFOPLIST_KEY_UISupportedInterfaceOrientations_iPhone = "UIInterfaceOrientationPortrait UIInterfaceOrientationLandscapeLeft UIInterfaceOrientationLandscapeRight";
				LD_RUNPATH_SEARCH_PATHS = (
					"$(inherited)",
					"@executable_path/Frameworks",
				);
				MARKETING_VERSION = 1.0;
				PRODUCT_BUNDLE_IDENTIFIER = michael.GoForward;
				PRODUCT_NAME = "$(TARGET_NAME)";
				SWIFT_EMIT_LOC_STRINGS = YES;
				SWIFT_VERSION = 5.0;
				TARGETED_DEVICE_FAMILY = "1,2";
			};
			name = Debug;
		};
		C1E65B1328B7A01600BFDD46 /* Release */ = {
			isa = XCBuildConfiguration;
			buildSettings = {
				ASSETCATALOG_COMPILER_APPICON_NAME = AppIcon;
				ASSETCATALOG_COMPILER_GLOBAL_ACCENT_COLOR_NAME = AccentColor;
				CODE_SIGN_STYLE = Automatic;
				CURRENT_PROJECT_VERSION = 1;
				DEVELOPMENT_ASSET_PATHS = "\"GoForward/Preview Content\"";
				DEVELOPMENT_TEAM = FA6LKG4QY6;
				ENABLE_PREVIEWS = YES;
				GENERATE_INFOPLIST_FILE = YES;
				INFOPLIST_KEY_UIApplicationSceneManifest_Generation = YES;
				INFOPLIST_KEY_UIApplicationSupportsIndirectInputEvents = YES;
				INFOPLIST_KEY_UILaunchScreen_Generation = YES;
				INFOPLIST_KEY_UISupportedInterfaceOrientations_iPad = "UIInterfaceOrientationPortrait UIInterfaceOrientationPortraitUpsideDown UIInterfaceOrientationLandscapeLeft UIInterfaceOrientationLandscapeRight";
				INFOPLIST_KEY_UISupportedInterfaceOrientations_iPhone = "UIInterfaceOrientationPortrait UIInterfaceOrientationLandscapeLeft UIInterfaceOrientationLandscapeRight";
				LD_RUNPATH_SEARCH_PATHS = (
					"$(inherited)",
					"@executable_path/Frameworks",
				);
				MARKETING_VERSION = 1.0;
				PRODUCT_BUNDLE_IDENTIFIER = michael.GoForward;
				PRODUCT_NAME = "$(TARGET_NAME)";
				SWIFT_EMIT_LOC_STRINGS = YES;
				SWIFT_VERSION = 5.0;
				TARGETED_DEVICE_FAMILY = "1,2";
			};
			name = Release;
		};
/* End XCBuildConfiguration section */

/* Begin XCConfigurationList section */
		C1E65AFE28B7A01500BFDD46 /* Build configuration list for PBXProject "GoForward" */ = {
			isa = XCConfigurationList;
			buildConfigurations = (
				C1E65B0F28B7A01600BFDD46 /* Debug */,
				C1E65B1028B7A01600BFDD46 /* Release */,
			);
			defaultConfigurationIsVisible = 0;
			defaultConfigurationName = Release;
		};
		C1E65B1128B7A01600BFDD46 /* Build configuration list for PBXNativeTarget "GoForward" */ = {
			isa = XCConfigurationList;
			buildConfigurations = (
				C1E65B1228B7A01600BFDD46 /* Debug */,
				C1E65B1328B7A01600BFDD46 /* Release */,
			);
			defaultConfigurationIsVisible = 0;
			defaultConfigurationName = Release;
		};
/* End XCConfigurationList section */

/* Begin XCVersionGroup section */
		C1E65B4928B7A59300BFDD46 /* Model.xcdatamodeld */ = {
			isa = XCVersionGroup;
			children = (
				C1E65B4A28B7A59300BFDD46 /* Model.xcdatamodel */,
			);
			currentVersion = C1E65B4A28B7A59300BFDD46 /* Model.xcdatamodel */;
			path = Model.xcdatamodeld;
			sourceTree = "<group>";
			versionGroupType = wrapper.xcdatamodel;
		};
/* End XCVersionGroup section */
	};
	rootObject = C1E65AFB28B7A01500BFDD46 /* Project object */;
}
